
Microsoft Visual Studio Solution File, Format Version 12.00
Project("{FAE04EC0-301F-11D3-BF4B-00C04F79EFBC}") = "OidcClient", "OidcClient\OidcClient.csproj", "{FE4E495E-B0F7-443D-9B0E-CA9D26654186}"
EndProject
Project("{FAE04EC0-301F-11D3-BF4B-00C04F79EFBC}") = "OidcServer", "OidcServer\OidcServer.csproj", "{C44E60F6-83EC-472A-899F-2940FB2B546E}"
EndProject
Global
	GlobalSection(SolutionConfigurationPlatforms) = preSolution
		Debug|Any CPU = Debug|Any CPU
		Release|Any CPU = Release|Any CPU
	EndGlobalSection
	GlobalSection(ProjectConfigurationPlatforms) = postSolution
		{FE4E495E-B0F7-443D-9B0E-CA9D26654186}.Debug|Any CPU.ActiveCfg = Debug|Any CPU
		{FE4E495E-B0F7-443D-9B0E-CA9D26654186}.Debug|Any CPU.Build.0 = Debug|Any CPU
		{FE4E495E-B0F7-443D-9B0E-CA9D26654186}.Release|Any CPU.ActiveCfg = Release|Any CPU
		{FE4E495E-B0F7-443D-9B0E-CA9D26654186}.Release|Any CPU.Build.0 = Release|Any CPU
		{C44E60F6-83EC-472A-899F-2940FB2B546E}.Debug|Any CPU.ActiveCfg = Debug|Any CPU
		{C44E60F6-83EC-472A-899F-2940FB2B546E}.Debug|Any CPU.Build.0 = Debug|Any CPU
		{C44E60F6-83EC-472A-899F-2940FB2B546E}.Release|Any CPU.ActiveCfg = Release|Any CPU
		{C44E60F6-83EC-472A-899F-2940FB2B546E}.Release|Any CPU.Build.0 = Release|Any CPU
	EndGlobalSection
EndGlobal
